{
  "name": "v2",
  "version": "0.1.0",
  "lockfileVersion": 1,
  "requires": true,
  "dependencies": {
    "vue-scroll": {
      "version": "2.1.13",
      "resolved": "https://registry.npmjs.org/vue-scroll/-/vue-scroll-2.1.13.tgz",
      "integrity": "sha512-GQnDA1UcFSdmL2Gjo/3+0jlOwvRvSpdzl+q+vOtQsAjb+uQDo8UG1RKxyoQ1lkJCz5uM8OSqb/6+L3LBqInk2w=="
    }
  }
}
